
Microsoft Visual Studio Solution File, Format Version 12.00
# Visual Studio Express 2013 for Windows Desktop
VisualStudioVersion = 12.0.30723.0
MinimumVisualStudioVersion = 10.0.40219.1
Project("{FAE04EC0-301F-11D3-BF4B-00C04F79EFBC}") = "AnchoredDecouplerFix", "AnchoredDecouplerFix\AnchoredDecouplerFix.csproj", "{44DC4D9E-C848-40CE-8F7F-A249A31536C6}"
EndProject
Global
	GlobalSection(SolutionConfigurationPlatforms) = preSolution
		Debug|Any CPU = Debug|Any CPU
		Release|Any CPU = Release|Any CPU
	EndGlobalSection
	GlobalSection(ProjectConfigurationPlatforms) = postSolution
		{44DC4D9E-C848-40CE-8F7F-A249A31536C6}.Debug|Any CPU.ActiveCfg = Release|Any CPU
		{44DC4D9E-C848-40CE-8F7F-A249A31536C6}.Debug|Any CPU.Build.0 = Release|Any CPU
		{44DC4D9E-C848-40CE-8F7F-A249A31536C6}.Release|Any CPU.ActiveCfg = Release|Any CPU
		{44DC4D9E-C848-40CE-8F7F-A249A31536C6}.Release|Any CPU.Build.0 = Release|Any CPU
	EndGlobalSection
	GlobalSection(SolutionProperties) = preSolution
		HideSolutionNode = FALSE
	EndGlobalSection
EndGlobal
